
Microsoft Visual Studio Solution File, Format Version 11.00
# Visual Studio 2010
Project("{FAE04EC0-301F-11D3-BF4B-00C04F79EFBC}") = "Day Range", "Day Range\Day Range.csproj", "{FBB8FC9D-3DED-4928-A777-84B079933988}"
EndProject
Global
	GlobalSection(SolutionConfigurationPlatforms) = preSolution
		Debug|Any CPU = Debug|Any CPU
		Release|Any CPU = Release|Any CPU
	EndGlobalSection
	GlobalSection(ProjectConfigurationPlatforms) = postSolution
		{FBB8FC9D-3DED-4928-A777-84B079933988}.Debug|Any CPU.ActiveCfg = Debug|Any CPU
		{FBB8FC9D-3DED-4928-A777-84B079933988}.Debug|Any CPU.Build.0 = Debug|Any CPU
		{FBB8FC9D-3DED-4928-A777-84B079933988}.Release|Any CPU.ActiveCfg = Release|Any CPU
		{FBB8FC9D-3DED-4928-A777-84B079933988}.Release|Any CPU.Build.0 = Release|Any CPU
	EndGlobalSection
	GlobalSection(SolutionProperties) = preSolution
		HideSolutionNode = FALSE
	EndGlobalSection
EndGlobal
